
Microsoft Visual Studio Solution File, Format Version 12.00
# Visual Studio Version 17
VisualStudioVersion = 17.14.36203.30 d17.14
MinimumVisualStudioVersion = 10.0.40219.1
Project("{FAE04EC0-301F-11D3-BF4B-00C04F79EFBC}") = "ClassLibrary", "ClassLibrary\ClassLibrary.csproj", "{B3D45BEC-A550-4C14-8F8E-A08F27916FD6}"
EndProject
Global
	GlobalSection(SolutionConfigurationPlatforms) = preSolution
		Debug|Any CPU = Debug|Any CPU
		Release|Any CPU = Release|Any CPU
	EndGlobalSection
	GlobalSection(ProjectConfigurationPlatforms) = postSolution
		{B3D45BEC-A550-4C14-8F8E-A08F27916FD6}.Debug|Any CPU.ActiveCfg = Debug|Any CPU
		{B3D45BEC-A550-4C14-8F8E-A08F27916FD6}.Debug|Any CPU.Build.0 = Debug|Any CPU
		{B3D45BEC-A550-4C14-8F8E-A08F27916FD6}.Release|Any CPU.ActiveCfg = Release|Any CPU
		{B3D45BEC-A550-4C14-8F8E-A08F27916FD6}.Release|Any CPU.Build.0 = Release|Any CPU
	EndGlobalSection
	GlobalSection(SolutionProperties) = preSolution
		HideSolutionNode = FALSE
	EndGlobalSection
	GlobalSection(ExtensibilityGlobals) = postSolution
		SolutionGuid = {5007BF8D-54DA-4798-A935-7BAA7968C22D}
	EndGlobalSection
EndGlobal
