
Microsoft Visual Studio Solution File, Format Version 12.00
# Visual Studio Version 17
VisualStudioVersion = 17.14.36301.6 d17.14
MinimumVisualStudioVersion = 10.0.40219.1
Project("{FAE04EC0-301F-11D3-BF4B-00C04F79EFBC}") = "Ado.NETTask", "Ado.NETTask\Ado.NETTask.csproj", "{14E15033-0324-46FF-8205-6ABCF0A52D68}"
EndProject
Global
	GlobalSection(SolutionConfigurationPlatforms) = preSolution
		Debug|Any CPU = Debug|Any CPU
		Release|Any CPU = Release|Any CPU
	EndGlobalSection
	GlobalSection(ProjectConfigurationPlatforms) = postSolution
		{14E15033-0324-46FF-8205-6ABCF0A52D68}.Debug|Any CPU.ActiveCfg = Debug|Any CPU
		{14E15033-0324-46FF-8205-6ABCF0A52D68}.Debug|Any CPU.Build.0 = Debug|Any CPU
		{14E15033-0324-46FF-8205-6ABCF0A52D68}.Release|Any CPU.ActiveCfg = Release|Any CPU
		{14E15033-0324-46FF-8205-6ABCF0A52D68}.Release|Any CPU.Build.0 = Release|Any CPU
	EndGlobalSection
	GlobalSection(SolutionProperties) = preSolution
		HideSolutionNode = FALSE
	EndGlobalSection
	GlobalSection(ExtensibilityGlobals) = postSolution
		SolutionGuid = {8AA03E8A-09EF-4D1E-AD11-863F1A41FF77}
	EndGlobalSection
EndGlobal
