
Microsoft Visual Studio Solution File, Format Version 12.00
# Visual Studio Version 17
VisualStudioVersion = 17.14.36301.6 d17.14
MinimumVisualStudioVersion = 10.0.40219.1
Project("{FAE04EC0-301F-11D3-BF4B-00C04F79EFBC}") = "LoginLogoutAsp", "LoginLogoutAsp\LoginLogoutAsp.csproj", "{98C58CCE-9A3A-407B-BDA8-B1DC20956858}"
EndProject
Global
	GlobalSection(SolutionConfigurationPlatforms) = preSolution
		Debug|Any CPU = Debug|Any CPU
		Release|Any CPU = Release|Any CPU
	EndGlobalSection
	GlobalSection(ProjectConfigurationPlatforms) = postSolution
		{98C58CCE-9A3A-407B-BDA8-B1DC20956858}.Debug|Any CPU.ActiveCfg = Debug|Any CPU
		{98C58CCE-9A3A-407B-BDA8-B1DC20956858}.Debug|Any CPU.Build.0 = Debug|Any CPU
		{98C58CCE-9A3A-407B-BDA8-B1DC20956858}.Release|Any CPU.ActiveCfg = Release|Any CPU
		{98C58CCE-9A3A-407B-BDA8-B1DC20956858}.Release|Any CPU.Build.0 = Release|Any CPU
	EndGlobalSection
	GlobalSection(SolutionProperties) = preSolution
		HideSolutionNode = FALSE
	EndGlobalSection
	GlobalSection(ExtensibilityGlobals) = postSolution
		SolutionGuid = {567533B3-15AA-49D9-973C-A0624FE7BEFF}
	EndGlobalSection
EndGlobal
